
Microsoft Visual Studio Solution File, Format Version 12.00
# Visual Studio Version 17
VisualStudioVersion = 17.9.34723.18
MinimumVisualStudioVersion = 10.0.40219.1
Project("{9A19103F-16F7-4668-BE54-9A1E7A4F7556}") = "ShopUnifromProject", "ShopUnifromProject.csproj", "{67B9AA3A-FF57-4F64-8F71-14C50784C776}"
EndProject
Global
	GlobalSection(SolutionConfigurationPlatforms) = preSolution
		Debug|Any CPU = Debug|Any CPU
		Debug|x86 = Debug|x86
		Release|Any CPU = Release|Any CPU
		Release|x86 = Release|x86
	EndGlobalSection
	GlobalSection(ProjectConfigurationPlatforms) = postSolution
		{67B9AA3A-FF57-4F64-8F71-14C50784C776}.Debug|Any CPU.ActiveCfg = Debug|Any CPU
		{67B9AA3A-FF57-4F64-8F71-14C50784C776}.Debug|Any CPU.Build.0 = Debug|Any CPU
		{67B9AA3A-FF57-4F64-8F71-14C50784C776}.Debug|x86.ActiveCfg = Debug|x86
		{67B9AA3A-FF57-4F64-8F71-14C50784C776}.Debug|x86.Build.0 = Debug|x86
		{67B9AA3A-FF57-4F64-8F71-14C50784C776}.Release|Any CPU.ActiveCfg = Release|Any CPU
		{67B9AA3A-FF57-4F64-8F71-14C50784C776}.Release|Any CPU.Build.0 = Release|Any CPU
		{67B9AA3A-FF57-4F64-8F71-14C50784C776}.Release|x86.ActiveCfg = Release|x86
		{67B9AA3A-FF57-4F64-8F71-14C50784C776}.Release|x86.Build.0 = Release|x86
	EndGlobalSection
	GlobalSection(SolutionProperties) = preSolution
		HideSolutionNode = FALSE
	EndGlobalSection
	GlobalSection(ExtensibilityGlobals) = postSolution
		SolutionGuid = {1803AE5D-4EFA-4400-8C67-2289E56F0EB3}
	EndGlobalSection
EndGlobal
